
Microsoft Visual Studio Solution File, Format Version 12.00
# Visual Studio Version 16
VisualStudioVersion = 16.0.31410.357
MinimumVisualStudioVersion = 10.0.40219.1
Project("{9A19103F-16F7-4668-BE54-9A1E7A4F7556}") = "GTranslate", "src\GTranslate\GTranslate.csproj", "{3AC0A19F-15E8-4EE9-A28A-08E070D0C619}"
EndProject
Project("{FAE04EC0-301F-11D3-BF4B-00C04F79EFBC}") = "TranslatorExample", "examples\TranslatorExample\TranslatorExample.csproj", "{EF8EC71A-7FA2-4C26-9C04-5623EAFB15AE}"
EndProject
Global
	GlobalSection(SolutionConfigurationPlatforms) = preSolution
		Debug|Any CPU = Debug|Any CPU
		Release|Any CPU = Release|Any CPU
	EndGlobalSection
	GlobalSection(ProjectConfigurationPlatforms) = postSolution
		{3AC0A19F-15E8-4EE9-A28A-08E070D0C619}.Debug|Any CPU.ActiveCfg = Debug|Any CPU
		{3AC0A19F-15E8-4EE9-A28A-08E070D0C619}.Debug|Any CPU.Build.0 = Debug|Any CPU
		{3AC0A19F-15E8-4EE9-A28A-08E070D0C619}.Release|Any CPU.ActiveCfg = Release|Any CPU
		{3AC0A19F-15E8-4EE9-A28A-08E070D0C619}.Release|Any CPU.Build.0 = Release|Any CPU
		{EF8EC71A-7FA2-4C26-9C04-5623EAFB15AE}.Debug|Any CPU.ActiveCfg = Debug|Any CPU
		{EF8EC71A-7FA2-4C26-9C04-5623EAFB15AE}.Debug|Any CPU.Build.0 = Debug|Any CPU
		{EF8EC71A-7FA2-4C26-9C04-5623EAFB15AE}.Release|Any CPU.ActiveCfg = Release|Any CPU
		{EF8EC71A-7FA2-4C26-9C04-5623EAFB15AE}.Release|Any CPU.Build.0 = Release|Any CPU
	EndGlobalSection
	GlobalSection(SolutionProperties) = preSolution
		HideSolutionNode = FALSE
	EndGlobalSection
	GlobalSection(ExtensibilityGlobals) = postSolution
		SolutionGuid = {66E4DB56-66C9-408B-9AFD-031778B4C1B8}
	EndGlobalSection
EndGlobal
